
Microsoft Visual Studio Solution File, Format Version 12.00
# Visual Studio Version 16
VisualStudioVersion = 16.0.29324.140
MinimumVisualStudioVersion = 10.0.40219.1
Project("{8BC9CEB8-8B4A-11D0-8D11-00A0C91BC942}") = "vBufferParticles", "vBufferParticles.vcxproj", "{376A2F88-6CB8-4B36-A771-F87043E674FB}"
EndProject
Global
	GlobalSection(SolutionConfigurationPlatforms) = preSolution
		Debug|x64 = Debug|x64
		Debug|x86 = Debug|x86
		Release|x64 = Release|x64
		Release|x86 = Release|x86
	EndGlobalSection
	GlobalSection(ProjectConfigurationPlatforms) = postSolution
		{376A2F88-6CB8-4B36-A771-F87043E674FB}.Debug|x64.ActiveCfg = Debug|x64
		{376A2F88-6CB8-4B36-A771-F87043E674FB}.Debug|x64.Build.0 = Debug|x64
		{376A2F88-6CB8-4B36-A771-F87043E674FB}.Debug|x86.ActiveCfg = Debug|Win32
		{376A2F88-6CB8-4B36-A771-F87043E674FB}.Debug|x86.Build.0 = Debug|Win32
		{376A2F88-6CB8-4B36-A771-F87043E674FB}.Release|x64.ActiveCfg = Release|x64
		{376A2F88-6CB8-4B36-A771-F87043E674FB}.Release|x64.Build.0 = Release|x64
		{376A2F88-6CB8-4B36-A771-F87043E674FB}.Release|x86.ActiveCfg = Release|Win32
		{376A2F88-6CB8-4B36-A771-F87043E674FB}.Release|x86.Build.0 = Release|Win32
	EndGlobalSection
	GlobalSection(SolutionProperties) = preSolution
		HideSolutionNode = FALSE
	EndGlobalSection
	GlobalSection(ExtensibilityGlobals) = postSolution
		SolutionGuid = {CE3D12B9-545F-4743-A406-0E633DFDF0CB}
	EndGlobalSection
EndGlobal
