
Microsoft Visual Studio Solution File, Format Version 12.00
# Visual Studio Version 16
VisualStudioVersion = 16.0.29613.14
MinimumVisualStudioVersion = 10.0.40219.1
Project("{8BC9CEB8-8B4A-11D0-8D11-00A0C91BC942}") = "vbparts-benchmarks", "vbparts-benchmarks.vcxproj", "{4CA2AD1D-9A3B-458A-87F0-3C68962963F9}"
EndProject
Global
	GlobalSection(SolutionConfigurationPlatforms) = preSolution
		Debug|x64 = Debug|x64
		Debug|x86 = Debug|x86
		Release|x64 = Release|x64
		Release|x86 = Release|x86
	EndGlobalSection
	GlobalSection(ProjectConfigurationPlatforms) = postSolution
		{4CA2AD1D-9A3B-458A-87F0-3C68962963F9}.Debug|x64.ActiveCfg = Debug|x64
		{4CA2AD1D-9A3B-458A-87F0-3C68962963F9}.Debug|x64.Build.0 = Debug|x64
		{4CA2AD1D-9A3B-458A-87F0-3C68962963F9}.Debug|x86.ActiveCfg = Debug|Win32
		{4CA2AD1D-9A3B-458A-87F0-3C68962963F9}.Debug|x86.Build.0 = Debug|Win32
		{4CA2AD1D-9A3B-458A-87F0-3C68962963F9}.Release|x64.ActiveCfg = Release|x64
		{4CA2AD1D-9A3B-458A-87F0-3C68962963F9}.Release|x64.Build.0 = Release|x64
		{4CA2AD1D-9A3B-458A-87F0-3C68962963F9}.Release|x86.ActiveCfg = Release|Win32
		{4CA2AD1D-9A3B-458A-87F0-3C68962963F9}.Release|x86.Build.0 = Release|Win32
	EndGlobalSection
	GlobalSection(SolutionProperties) = preSolution
		HideSolutionNode = FALSE
	EndGlobalSection
	GlobalSection(ExtensibilityGlobals) = postSolution
		SolutionGuid = {EECFCF47-8383-4B96-B7D1-E31A4B91E677}
	EndGlobalSection
EndGlobal
